
Microsoft Visual Studio Solution File, Format Version 12.00
# Visual Studio Version 16
VisualStudioVersion = 16.0.30907.101
MinimumVisualStudioVersion = 10.0.40219.1
Project("{9A19103F-16F7-4668-BE54-9A1E7A4F7556}") = "InterfaceAbstractDemo", "InterfaceAbstractDemo\InterfaceAbstractDemo.csproj", "{C0288E7E-EC68-4EF6-8398-79E40155EDEA}"
EndProject
Project("{2150E333-8FDC-42A3-9474-1A3956D46DE8}") = "Day5-Hw4", "Day5-Hw4", "{994D02D5-BD4E-4F3E-8FA8-939CB118CDE0}"
EndProject
Project("{2150E333-8FDC-42A3-9474-1A3956D46DE8}") = "Day7-Hw1-3", "Day7-Hw1-3", "{F8C21D01-A5B5-41D2-8939-C285282CE389}"
EndProject
Project("{9A19103F-16F7-4668-BE54-9A1E7A4F7556}") = "LinqProject", "Linq\LinqProject.csproj", "{36B55768-13AA-46FC-A24C-260F8D2FF3D9}"
EndProject
Global
	GlobalSection(SolutionConfigurationPlatforms) = preSolution
		Debug|Any CPU = Debug|Any CPU
		Release|Any CPU = Release|Any CPU
	EndGlobalSection
	GlobalSection(ProjectConfigurationPlatforms) = postSolution
		{C0288E7E-EC68-4EF6-8398-79E40155EDEA}.Debug|Any CPU.ActiveCfg = Debug|Any CPU
		{C0288E7E-EC68-4EF6-8398-79E40155EDEA}.Debug|Any CPU.Build.0 = Debug|Any CPU
		{C0288E7E-EC68-4EF6-8398-79E40155EDEA}.Release|Any CPU.ActiveCfg = Release|Any CPU
		{C0288E7E-EC68-4EF6-8398-79E40155EDEA}.Release|Any CPU.Build.0 = Release|Any CPU
		{36B55768-13AA-46FC-A24C-260F8D2FF3D9}.Debug|Any CPU.ActiveCfg = Debug|Any CPU
		{36B55768-13AA-46FC-A24C-260F8D2FF3D9}.Debug|Any CPU.Build.0 = Debug|Any CPU
		{36B55768-13AA-46FC-A24C-260F8D2FF3D9}.Release|Any CPU.ActiveCfg = Release|Any CPU
		{36B55768-13AA-46FC-A24C-260F8D2FF3D9}.Release|Any CPU.Build.0 = Release|Any CPU
	EndGlobalSection
	GlobalSection(SolutionProperties) = preSolution
		HideSolutionNode = FALSE
	EndGlobalSection
	GlobalSection(NestedProjects) = preSolution
		{C0288E7E-EC68-4EF6-8398-79E40155EDEA} = {994D02D5-BD4E-4F3E-8FA8-939CB118CDE0}
		{36B55768-13AA-46FC-A24C-260F8D2FF3D9} = {F8C21D01-A5B5-41D2-8939-C285282CE389}
	EndGlobalSection
	GlobalSection(ExtensibilityGlobals) = postSolution
		SolutionGuid = {D06B799A-4D6B-4AFD-B483-CC987705EBD9}
	EndGlobalSection
EndGlobal
